version = 1
revision = 2
requires-python = ">=3.9.0, <4"
resolution-markers = [
    "python_full_version < '3.11' and sys_platform == 'win32'",
    "python_full_version < '3.11' and sys_platform != 'win32'",
    "python_full_version < '3.13' and sys_platform == 'win32'",
    "python_full_version >= '3.13' and sys_platform == 'win32'",
    "python_full_version < '3.13' and sys_platform != 'win32'",
    "python_full_version >= '3.13' and sys_platform != 'win32'",
]

[[package]]
name = "anyio"
version = "4.7.0"
source = { registry = "https://pypi.org/simple" }
dependencies = [
    { name = "exceptiongroup", marker = "python_full_version < '3.11'" },
    { name = "idna" },
    { name = "sniffio" },
    { name = "typing-extensions", marker = "python_full_version < '3.13'" },
]
sdist = { url = "https://files.pythonhosted.org/packages/f6/40/318e58f669b1a9e00f5c4453910682e2d9dd594334539c7b7817dabb765f/anyio-4.7.0.tar.gz", hash = "sha256:2f834749c602966b7d456a7567cafcb309f96482b5081d14ac93ccd457f9dd48", size = 177076, upload-time = "2024-12-05T15:42:09.056Z" }
wheels = [
    { url = "https://files.pythonhosted.org/packages/a0/7a/4daaf3b6c08ad7ceffea4634ec206faeff697526421c20f07628c7372156/anyio-4.7.0-py3-none-any.whl", hash = "sha256:ea60c3723ab42ba6fff7e8ccb0488c898ec538ff4df1f1d5e642c3601d07e352", size = 93052, upload-time = "2024-12-05T15:42:06.492Z" },
]

[[package]]
name = "appdirs"
version = "1.4.4"
source = { registry = "https://pypi.org/simple" }
sdist = { url = "https://files.pythonhosted.org/packages/d7/d8/05696357e0311f5b5c316d7b95f46c669dd9c15aaeecbb48c7d0aeb88c40/appdirs-1.4.4.tar.gz", hash = "sha256:7d5d0167b2b1ba821647616af46a749d1c653740dd0d2415100fe26e27afdf41", size = 13470, upload-time = "2020-05-11T07:59:51.037Z" }
wheels = [
    { url = "https://files.pythonhosted.org/packages/3b/00/2344469e2084fb287c2e0b57b72910309874c3245463acd6cf5e3db69324/appdirs-1.4.4-py2.py3-none-any.whl", hash = "sha256:a841dacd6b99318a741b166adb07e19ee71a274450e68237b4650ca1055ab128", size = 9566, upload-time = "2020-05-11T07:59:49.499Z" },
]

[[package]]
name = "certifi"
version = "2024.8.30"
source = { registry = "https://pypi.org/simple" }
sdist = { url = "https://files.pythonhosted.org/packages/b0/ee/9b19140fe824b367c04c5e1b369942dd754c4c5462d5674002f75c4dedc1/certifi-2024.8.30.tar.gz", hash = "sha256:bec941d2aa8195e248a60b31ff9f0558284cf01a52591ceda73ea9afffd69fd9", size = 168507, upload-time = "2024-08-30T01:55:04.365Z" }
wheels = [
    { url = "https://files.pythonhosted.org/packages/12/90/3c9ff0512038035f59d279fddeb79f5f1eccd8859f06d6163c58798b9487/certifi-2024.8.30-py3-none-any.whl", hash = "sha256:922820b53db7a7257ffbda3f597266d435245903d80737e34f8a45ff3e3230d8", size = 167321, upload-time = "2024-08-30T01:55:02.591Z" },
]

[[package]]
name = "click"
version = "8.1.8"
source = { registry = "https://pypi.org/simple" }
dependencies = [
    { name = "colorama", marker = "sys_platform == 'win32'" },
]
sdist = { url = "https://files.pythonhosted.org/packages/b9/2e/0090cbf739cee7d23781ad4b89a9894a41538e4fcf4c31dcdd705b78eb8b/click-8.1.8.tar.gz", hash = "sha256:ed53c9d8990d83c2a27deae68e4ee337473f6330c040a31d4225c9574d16096a", size = 226593, upload-time = "2024-12-21T18:38:44.339Z" }
wheels = [
    { url = "https://files.pythonhosted.org/packages/7e/d4/7ebdbd03970677812aac39c869717059dbb71a4cfc033ca6e5221787892c/click-8.1.8-py3-none-any.whl", hash = "sha256:63c132bbbed01578a06712a2d1f497bb62d9c1c0d329b7903a866228027263b2", size = 98188, upload-time = "2024-12-21T18:38:41.666Z" },
]

[[package]]
name = "colorama"
version = "0.4.6"
source = { registry = "https://pypi.org/simple" }
sdist = { url = "https://files.pythonhosted.org/packages/d8/53/6f443c9a4a8358a93a6792e2acffb9d9d5cb0a5cfd8802644b7b1c9a02e4/colorama-0.4.6.tar.gz", hash = "sha256:08695f5cb7ed6e0531a20572697297273c47b8cae5a63ffc6d6ed5c201be6e44", size = 27697, upload-time = "2022-10-25T02:36:22.414Z" }
wheels = [
    { url = "https://files.pythonhosted.org/packages/d1/d6/3965ed04c63042e047cb6a3e6ed1a63a35087b6a609aa3a15ed8ac56c221/colorama-0.4.6-py2.py3-none-any.whl", hash = "sha256:4f1d9991f5acc0ca119f9d443620b77f9d6b33703e51011c16baf57afb285fc6", size = 25335, upload-time = "2022-10-25T02:36:20.889Z" },
]

[[package]]
name = "dynaconf"
version = "3.2.6"
source = { registry = "https://pypi.org/simple" }
sdist = { url = "https://files.pythonhosted.org/packages/56/1a/324f1bf234cc4f98445305fd8719245318466e310e05caea7ef052748ecd/dynaconf-3.2.6.tar.gz", hash = "sha256:74cc1897396380bb957730eb341cc0976ee9c38bbcb53d3307c50caed0aedfb8", size = 229209, upload-time = "2024-07-19T16:24:39.064Z" }
wheels = [
    { url = "https://files.pythonhosted.org/packages/e2/14/c8a7d861262139688fa465d2e27ff7113764d6fa03b15b9c7b666729ea2e/dynaconf-3.2.6-py2.py3-none-any.whl", hash = "sha256:3911c740d717df4576ed55f616c7cbad6e06bc8ef23ffca444b6e2a12fb1c34c", size = 231063, upload-time = "2024-07-19T16:24:36.786Z" },
]

[[package]]
name = "elapi"
version = "2.3.1"
source = { editable = "." }
dependencies = [
    { name = "click" },
    { name = "dynaconf" },
    { name = "h2" },
    { name = "httpx" },
    { name = "httpx-auth" },
    { name = "mistune" },
    { name = "pyyaml" },
    { name = "rich" },
    { name = "typer", extra = ["all"] },
]

[package.optional-dependencies]
uhd-urz = [
    { name = "python-dateutil" },
    { name = "tenacity" },
    { name = "uvloop" },
]

[package.dev-dependencies]
dev = [
    { name = "ptpython" },
]

[package.metadata]
requires-dist = [
    { name = "click", specifier = ">=8.1.8,<8.2" },
    { name = "dynaconf", specifier = ">=3.2.0,<4" },
    { name = "h2", specifier = ">=4.1.0,<5" },
    { name = "httpx", specifier = ">=0.24.1,<0.25" },
    { name = "httpx-auth", specifier = ">=0.17.0,<0.18" },
    { name = "mistune", specifier = ">=3.0.2,<4" },
    { name = "python-dateutil", marker = "extra == 'uhd-urz'", specifier = ">=2.9.0.post0,<3" },
    { name = "pyyaml", specifier = ">=6.0.1,<7" },
    { name = "rich", specifier = ">=13.8.0,<14" },
    { name = "tenacity", marker = "extra == 'uhd-urz'", specifier = ">=9.0.0,<10" },
    { name = "typer", extras = ["all"], specifier = ">=0.9.0,<0.10" },
    { name = "uvloop", marker = "extra == 'uhd-urz'", specifier = ">=0.20.0,<0.21" },
]
provides-extras = ["uhd-urz"]

[package.metadata.requires-dev]
dev = [{ name = "ptpython", specifier = ">=3.0.23,<4" }]

[[package]]
name = "exceptiongroup"
version = "1.2.2"
source = { registry = "https://pypi.org/simple" }
sdist = { url = "https://files.pythonhosted.org/packages/09/35/2495c4ac46b980e4ca1f6ad6db102322ef3ad2410b79fdde159a4b0f3b92/exceptiongroup-1.2.2.tar.gz", hash = "sha256:47c2edf7c6738fafb49fd34290706d1a1a2f4d1c6df275526b62cbb4aa5393cc", size = 28883, upload-time = "2024-07-12T22:26:00.161Z" }
wheels = [
    { url = "https://files.pythonhosted.org/packages/02/cc/b7e31358aac6ed1ef2bb790a9746ac2c69bcb3c8588b41616914eb106eaf/exceptiongroup-1.2.2-py3-none-any.whl", hash = "sha256:3111b9d131c238bec2f8f516e123e14ba243563fb135d3fe885990585aa7795b", size = 16453, upload-time = "2024-07-12T22:25:58.476Z" },
]

[[package]]
name = "h11"
version = "0.14.0"
source = { registry = "https://pypi.org/simple" }
sdist = { url = "https://files.pythonhosted.org/packages/f5/38/3af3d3633a34a3316095b39c8e8fb4853a28a536e55d347bd8d8e9a14b03/h11-0.14.0.tar.gz", hash = "sha256:8f19fbbe99e72420ff35c00b27a34cb9937e902a8b810e2c88300c6f0a3b699d", size = 100418, upload-time = "2022-09-25T15:40:01.519Z" }
wheels = [
    { url = "https://files.pythonhosted.org/packages/95/04/ff642e65ad6b90db43e668d70ffb6736436c7ce41fcc549f4e9472234127/h11-0.14.0-py3-none-any.whl", hash = "sha256:e3fe4ac4b851c468cc8363d500db52c2ead036020723024a109d37346efaa761", size = 58259, upload-time = "2022-09-25T15:39:59.68Z" },
]

[[package]]
name = "h2"
version = "4.1.0"
source = { registry = "https://pypi.org/simple" }
dependencies = [
    { name = "hpack" },
    { name = "hyperframe" },
]
sdist = { url = "https://files.pythonhosted.org/packages/2a/32/fec683ddd10629ea4ea46d206752a95a2d8a48c22521edd70b142488efe1/h2-4.1.0.tar.gz", hash = "sha256:a83aca08fbe7aacb79fec788c9c0bac936343560ed9ec18b82a13a12c28d2abb", size = 2145593, upload-time = "2021-10-05T18:27:47.18Z" }
wheels = [
    { url = "https://files.pythonhosted.org/packages/2a/e5/db6d438da759efbb488c4f3fbdab7764492ff3c3f953132efa6b9f0e9e53/h2-4.1.0-py3-none-any.whl", hash = "sha256:03a46bcf682256c95b5fd9e9a99c1323584c3eec6440d379b9903d709476bc6d", size = 57488, upload-time = "2021-10-05T18:27:39.977Z" },
]

[[package]]
name = "hpack"
version = "4.0.0"
source = { registry = "https://pypi.org/simple" }
sdist = { url = "https://files.pythonhosted.org/packages/3e/9b/fda93fb4d957db19b0f6b370e79d586b3e8528b20252c729c476a2c02954/hpack-4.0.0.tar.gz", hash = "sha256:fc41de0c63e687ebffde81187a948221294896f6bdc0ae2312708df339430095", size = 49117, upload-time = "2020-08-30T10:35:57.868Z" }
wheels = [
    { url = "https://files.pythonhosted.org/packages/d5/34/e8b383f35b77c402d28563d2b8f83159319b509bc5f760b15d60b0abf165/hpack-4.0.0-py3-none-any.whl", hash = "sha256:84a076fad3dc9a9f8063ccb8041ef100867b1878b25ef0ee63847a5d53818a6c", size = 32611, upload-time = "2020-08-30T10:35:56.357Z" },
]

[[package]]
name = "httpcore"
version = "0.17.3"
source = { registry = "https://pypi.org/simple" }
dependencies = [
    { name = "anyio" },
    { name = "certifi" },
    { name = "h11" },
    { name = "sniffio" },
]
sdist = { url = "https://files.pythonhosted.org/packages/63/ad/c98ecdbfe04417e71e143bf2f2fb29128e4787d78d1cedba21bd250c7e7a/httpcore-0.17.3.tar.gz", hash = "sha256:a6f30213335e34c1ade7be6ec7c47f19f50c56db36abef1a9dfa3815b1cb3888", size = 62676, upload-time = "2023-07-05T12:09:31.29Z" }
wheels = [
    { url = "https://files.pythonhosted.org/packages/94/2c/2bde7ff8dd2064395555220cbf7cba79991172bf5315a07eb3ac7688d9f1/httpcore-0.17.3-py3-none-any.whl", hash = "sha256:c2789b767ddddfa2a5782e3199b2b7f6894540b17b16ec26b2c4d8e103510b87", size = 74513, upload-time = "2023-07-05T12:09:29.425Z" },
]

[[package]]
name = "httpx"
version = "0.24.1"
source = { registry = "https://pypi.org/simple" }
dependencies = [
    { name = "certifi" },
    { name = "httpcore" },
    { name = "idna" },
    { name = "sniffio" },
]
sdist = { url = "https://files.pythonhosted.org/packages/f8/2a/114d454cb77657dbf6a293e69390b96318930ace9cd96b51b99682493276/httpx-0.24.1.tar.gz", hash = "sha256:5853a43053df830c20f8110c5e69fe44d035d850b2dfe795e196f00fdb774bdd", size = 81858, upload-time = "2023-05-19T00:50:56.678Z" }
wheels = [
    { url = "https://files.pythonhosted.org/packages/ec/91/e41f64f03d2a13aee7e8c819d82ee3aa7cdc484d18c0ae859742597d5aa0/httpx-0.24.1-py3-none-any.whl", hash = "sha256:06781eb9ac53cde990577af654bd990a4949de37a28bdb4a230d434f3a30b9bd", size = 75377, upload-time = "2023-05-19T00:50:54.91Z" },
]

[[package]]
name = "httpx-auth"
version = "0.17.0"
source = { registry = "https://pypi.org/simple" }
dependencies = [
    { name = "httpx" },
]
sdist = { url = "https://files.pythonhosted.org/packages/68/e4/1d57ac833223ffa6eb0f02b8c4c678b5e3ebbe718aea2b5e2a496267cda0/httpx_auth-0.17.0.tar.gz", hash = "sha256:4e297113804ac3ee316d12a9596bc05e4dd592d2bf0809e5b4dab496d8a35b13", size = 70061, upload-time = "2023-04-26T16:17:08.52Z" }
wheels = [
    { url = "https://files.pythonhosted.org/packages/00/26/629d29a52ef24c733b9dcbe1431881ce86c9bc56f24e362c13ee138d911f/httpx_auth-0.17.0-py3-none-any.whl", hash = "sha256:5358f2938f8843179dc681cea34626d3589b312bb021425f2cd4a4fbc316e92c", size = 29561, upload-time = "2023-04-26T16:17:06.103Z" },
]

[[package]]
name = "hyperframe"
version = "6.0.1"
source = { registry = "https://pypi.org/simple" }
sdist = { url = "https://files.pythonhosted.org/packages/5a/2a/4747bff0a17f7281abe73e955d60d80aae537a5d203f417fa1c2e7578ebb/hyperframe-6.0.1.tar.gz", hash = "sha256:ae510046231dc8e9ecb1a6586f63d2347bf4c8905914aa84ba585ae85f28a914", size = 25008, upload-time = "2021-04-17T12:11:22.757Z" }
wheels = [
    { url = "https://files.pythonhosted.org/packages/d7/de/85a784bcc4a3779d1753a7ec2dee5de90e18c7bcf402e71b51fcf150b129/hyperframe-6.0.1-py3-none-any.whl", hash = "sha256:0ec6bafd80d8ad2195c4f03aacba3a8265e57bc4cff261e802bf39970ed02a15", size = 12389, upload-time = "2021-04-17T12:11:21.045Z" },
]

[[package]]
name = "idna"
version = "3.10"
source = { registry = "https://pypi.org/simple" }
sdist = { url = "https://files.pythonhosted.org/packages/f1/70/7703c29685631f5a7590aa73f1f1d3fa9a380e654b86af429e0934a32f7d/idna-3.10.tar.gz", hash = "sha256:12f65c9b470abda6dc35cf8e63cc574b1c52b11df2c86030af0ac09b01b13ea9", size = 190490, upload-time = "2024-09-15T18:07:39.745Z" }
wheels = [
    { url = "https://files.pythonhosted.org/packages/76/c6/c88e154df9c4e1a2a66ccf0005a88dfb2650c1dffb6f5ce603dfbd452ce3/idna-3.10-py3-none-any.whl", hash = "sha256:946d195a0d259cbba61165e88e65941f16e9b36ea6ddb97f00452bae8b1287d3", size = 70442, upload-time = "2024-09-15T18:07:37.964Z" },
]

[[package]]
name = "jedi"
version = "0.19.2"
source = { registry = "https://pypi.org/simple" }
dependencies = [
    { name = "parso" },
]
sdist = { url = "https://files.pythonhosted.org/packages/72/3a/79a912fbd4d8dd6fbb02bf69afd3bb72cf0c729bb3063c6f4498603db17a/jedi-0.19.2.tar.gz", hash = "sha256:4770dc3de41bde3966b02eb84fbcf557fb33cce26ad23da12c742fb50ecb11f0", size = 1231287, upload-time = "2024-11-11T01:41:42.873Z" }
wheels = [
    { url = "https://files.pythonhosted.org/packages/c0/5a/9cac0c82afec3d09ccd97c8b6502d48f165f9124db81b4bcb90b4af974ee/jedi-0.19.2-py2.py3-none-any.whl", hash = "sha256:a8ef22bde8490f57fe5c7681a3c83cb58874daf72b4784de3cce5b6ef6edb5b9", size = 1572278, upload-time = "2024-11-11T01:41:40.175Z" },
]

[[package]]
name = "markdown-it-py"
version = "3.0.0"
source = { registry = "https://pypi.org/simple" }
dependencies = [
    { name = "mdurl" },
]
sdist = { url = "https://files.pythonhosted.org/packages/38/71/3b932df36c1a044d397a1f92d1cf91ee0a503d91e470cbd670aa66b07ed0/markdown-it-py-3.0.0.tar.gz", hash = "sha256:e3f60a94fa066dc52ec76661e37c851cb232d92f9886b15cb560aaada2df8feb", size = 74596, upload-time = "2023-06-03T06:41:14.443Z" }
wheels = [
    { url = "https://files.pythonhosted.org/packages/42/d7/1ec15b46af6af88f19b8e5ffea08fa375d433c998b8a7639e76935c14f1f/markdown_it_py-3.0.0-py3-none-any.whl", hash = "sha256:355216845c60bd96232cd8d8c40e8f9765cc86f46880e43a8fd22dc1a1a8cab1", size = 87528, upload-time = "2023-06-03T06:41:11.019Z" },
]

[[package]]
name = "mdurl"
version = "0.1.2"
source = { registry = "https://pypi.org/simple" }
sdist = { url = "https://files.pythonhosted.org/packages/d6/54/cfe61301667036ec958cb99bd3efefba235e65cdeb9c84d24a8293ba1d90/mdurl-0.1.2.tar.gz", hash = "sha256:bb413d29f5eea38f31dd4754dd7377d4465116fb207585f97bf925588687c1ba", size = 8729, upload-time = "2022-08-14T12:40:10.846Z" }
wheels = [
    { url = "https://files.pythonhosted.org/packages/b3/38/89ba8ad64ae25be8de66a6d463314cf1eb366222074cfda9ee839c56a4b4/mdurl-0.1.2-py3-none-any.whl", hash = "sha256:84008a41e51615a49fc9966191ff91509e3c40b939176e643fd50a5c2196b8f8", size = 9979, upload-time = "2022-08-14T12:40:09.779Z" },
]

[[package]]
name = "mistune"
version = "3.0.2"
source = { registry = "https://pypi.org/simple" }
sdist = { url = "https://files.pythonhosted.org/packages/ef/c8/f0173fe3bf85fd891aee2e7bcd8207dfe26c2c683d727c5a6cc3aec7b628/mistune-3.0.2.tar.gz", hash = "sha256:fc7f93ded930c92394ef2cb6f04a8aabab4117a91449e72dcc8dfa646a508be8", size = 90840, upload-time = "2023-09-29T23:58:48.6Z" }
wheels = [
    { url = "https://files.pythonhosted.org/packages/f0/74/c95adcdf032956d9ef6c89a9b8a5152bf73915f8c633f3e3d88d06bd699c/mistune-3.0.2-py3-none-any.whl", hash = "sha256:71481854c30fdbc938963d3605b72501f5c10a9320ecd412c121c163a1c7d205", size = 47958, upload-time = "2023-09-29T23:58:46.761Z" },
]

[[package]]
name = "parso"
version = "0.8.4"
source = { registry = "https://pypi.org/simple" }
sdist = { url = "https://files.pythonhosted.org/packages/66/94/68e2e17afaa9169cf6412ab0f28623903be73d1b32e208d9e8e541bb086d/parso-0.8.4.tar.gz", hash = "sha256:eb3a7b58240fb99099a345571deecc0f9540ea5f4dd2fe14c2a99d6b281ab92d", size = 400609, upload-time = "2024-04-05T09:43:55.897Z" }
wheels = [
    { url = "https://files.pythonhosted.org/packages/c6/ac/dac4a63f978e4dcb3c6d3a78c4d8e0192a113d288502a1216950c41b1027/parso-0.8.4-py2.py3-none-any.whl", hash = "sha256:a418670a20291dacd2dddc80c377c5c3791378ee1e8d12bffc35420643d43f18", size = 103650, upload-time = "2024-04-05T09:43:53.299Z" },
]

[[package]]
name = "prompt-toolkit"
version = "3.0.51"
source = { registry = "https://pypi.org/simple" }
dependencies = [
    { name = "wcwidth" },
]
sdist = { url = "https://files.pythonhosted.org/packages/bb/6e/9d084c929dfe9e3bfe0c6a47e31f78a25c54627d64a66e884a8bf5474f1c/prompt_toolkit-3.0.51.tar.gz", hash = "sha256:931a162e3b27fc90c86f1b48bb1fb2c528c2761475e57c9c06de13311c7b54ed", size = 428940, upload-time = "2025-04-15T09:18:47.731Z" }
wheels = [
    { url = "https://files.pythonhosted.org/packages/ce/4f/5249960887b1fbe561d9ff265496d170b55a735b76724f10ef19f9e40716/prompt_toolkit-3.0.51-py3-none-any.whl", hash = "sha256:52742911fde84e2d423e2f9a4cf1de7d7ac4e51958f648d9540e0fb8db077b07", size = 387810, upload-time = "2025-04-15T09:18:44.753Z" },
]

[[package]]
name = "ptpython"
version = "3.0.30"
source = { registry = "https://pypi.org/simple" }
dependencies = [
    { name = "appdirs" },
    { name = "jedi" },
    { name = "prompt-toolkit" },
    { name = "pygments" },
]
sdist = { url = "https://files.pythonhosted.org/packages/c9/ce/4441ac40762c73d74b48088a7311e368d28beec92602d66e632a59792a93/ptpython-3.0.30.tar.gz", hash = "sha256:51a07f9b8ebf8435a5aaeb22831cca4a52e87029771a2637df2763c79d3d8776", size = 72812, upload-time = "2025-04-15T09:26:37.534Z" }
wheels = [
    { url = "https://files.pythonhosted.org/packages/05/15/77dfd9a52fa6c87b50232b246df0cfacacc0665c95ebe4a517cc994819f0/ptpython-3.0.30-py3-none-any.whl", hash = "sha256:bec3045f0285ac817c902ef98d6ece31d3e00a4604ef3fdde07d365c78bde23c", size = 67249, upload-time = "2025-04-15T09:26:35.693Z" },
]

[[package]]
name = "pygments"
version = "2.18.0"
source = { registry = "https://pypi.org/simple" }
sdist = { url = "https://files.pythonhosted.org/packages/8e/62/8336eff65bcbc8e4cb5d05b55faf041285951b6e80f33e2bff2024788f31/pygments-2.18.0.tar.gz", hash = "sha256:786ff802f32e91311bff3889f6e9a86e81505fe99f2735bb6d60ae0c5004f199", size = 4891905, upload-time = "2024-05-04T13:42:02.013Z" }
wheels = [
    { url = "https://files.pythonhosted.org/packages/f7/3f/01c8b82017c199075f8f788d0d906b9ffbbc5a47dc9918a945e13d5a2bda/pygments-2.18.0-py3-none-any.whl", hash = "sha256:b8e6aca0523f3ab76fee51799c488e38782ac06eafcf95e7ba832985c8e7b13a", size = 1205513, upload-time = "2024-05-04T13:41:57.345Z" },
]

[[package]]
name = "python-dateutil"
version = "2.9.0.post0"
source = { registry = "https://pypi.org/simple" }
dependencies = [
    { name = "six" },
]
sdist = { url = "https://files.pythonhosted.org/packages/66/c0/0c8b6ad9f17a802ee498c46e004a0eb49bc148f2fd230864601a86dcf6db/python-dateutil-2.9.0.post0.tar.gz", hash = "sha256:37dd54208da7e1cd875388217d5e00ebd4179249f90fb72437e91a35459a0ad3", size = 342432, upload-time = "2024-03-01T18:36:20.211Z" }
wheels = [
    { url = "https://files.pythonhosted.org/packages/ec/57/56b9bcc3c9c6a792fcbaf139543cee77261f3651ca9da0c93f5c1221264b/python_dateutil-2.9.0.post0-py2.py3-none-any.whl", hash = "sha256:a8b2bc7bffae282281c8140a97d3aa9c14da0b136dfe83f850eea9a5f7470427", size = 229892, upload-time = "2024-03-01T18:36:18.57Z" },
]

[[package]]
name = "pyyaml"
version = "6.0.2"
source = { registry = "https://pypi.org/simple" }
sdist = { url = "https://files.pythonhosted.org/packages/54/ed/79a089b6be93607fa5cdaedf301d7dfb23af5f25c398d5ead2525b063e17/pyyaml-6.0.2.tar.gz", hash = "sha256:d584d9ec91ad65861cc08d42e834324ef890a082e591037abe114850ff7bbc3e", size = 130631, upload-time = "2024-08-06T20:33:50.674Z" }
wheels = [
    { url = "https://files.pythonhosted.org/packages/9b/95/a3fac87cb7158e231b5a6012e438c647e1a87f09f8e0d123acec8ab8bf71/PyYAML-6.0.2-cp310-cp310-macosx_10_9_x86_64.whl", hash = "sha256:0a9a2848a5b7feac301353437eb7d5957887edbf81d56e903999a75a3d743086", size = 184199, upload-time = "2024-08-06T20:31:40.178Z" },
    { url = "https://files.pythonhosted.org/packages/c7/7a/68bd47624dab8fd4afbfd3c48e3b79efe09098ae941de5b58abcbadff5cb/PyYAML-6.0.2-cp310-cp310-macosx_11_0_arm64.whl", hash = "sha256:29717114e51c84ddfba879543fb232a6ed60086602313ca38cce623c1d62cfbf", size = 171758, upload-time = "2024-08-06T20:31:42.173Z" },
    { url = "https://files.pythonhosted.org/packages/49/ee/14c54df452143b9ee9f0f29074d7ca5516a36edb0b4cc40c3f280131656f/PyYAML-6.0.2-cp310-cp310-manylinux_2_17_aarch64.manylinux2014_aarch64.whl", hash = "sha256:8824b5a04a04a047e72eea5cec3bc266db09e35de6bdfe34c9436ac5ee27d237", size = 718463, upload-time = "2024-08-06T20:31:44.263Z" },
    { url = "https://files.pythonhosted.org/packages/4d/61/de363a97476e766574650d742205be468921a7b532aa2499fcd886b62530/PyYAML-6.0.2-cp310-cp310-manylinux_2_17_s390x.manylinux2014_s390x.whl", hash = "sha256:7c36280e6fb8385e520936c3cb3b8042851904eba0e58d277dca80a5cfed590b", size = 719280, upload-time = "2024-08-06T20:31:50.199Z" },
    { url = "https://files.pythonhosted.org/packages/6b/4e/1523cb902fd98355e2e9ea5e5eb237cbc5f3ad5f3075fa65087aa0ecb669/PyYAML-6.0.2-cp310-cp310-manylinux_2_17_x86_64.manylinux2014_x86_64.whl", hash = "sha256:ec031d5d2feb36d1d1a24380e4db6d43695f3748343d99434e6f5f9156aaa2ed", size = 751239, upload-time = "2024-08-06T20:31:52.292Z" },
    { url = "https://files.pythonhosted.org/packages/b7/33/5504b3a9a4464893c32f118a9cc045190a91637b119a9c881da1cf6b7a72/PyYAML-6.0.2-cp310-cp310-musllinux_1_1_aarch64.whl", hash = "sha256:936d68689298c36b53b29f23c6dbb74de12b4ac12ca6cfe0e047bedceea56180", size = 695802, upload-time = "2024-08-06T20:31:53.836Z" },
    { url = "https://files.pythonhosted.org/packages/5c/20/8347dcabd41ef3a3cdc4f7b7a2aff3d06598c8779faa189cdbf878b626a4/PyYAML-6.0.2-cp310-cp310-musllinux_1_1_x86_64.whl", hash = "sha256:23502f431948090f597378482b4812b0caae32c22213aecf3b55325e049a6c68", size = 720527, upload-time = "2024-08-06T20:31:55.565Z" },
    { url = "https://files.pythonhosted.org/packages/be/aa/5afe99233fb360d0ff37377145a949ae258aaab831bde4792b32650a4378/PyYAML-6.0.2-cp310-cp310-win32.whl", hash = "sha256:2e99c6826ffa974fe6e27cdb5ed0021786b03fc98e5ee3c5bfe1fd5015f42b99", size = 144052, upload-time = "2024-08-06T20:31:56.914Z" },
    { url = "https://files.pythonhosted.org/packages/b5/84/0fa4b06f6d6c958d207620fc60005e241ecedceee58931bb20138e1e5776/PyYAML-6.0.2-cp310-cp310-win_amd64.whl", hash = "sha256:a4d3091415f010369ae4ed1fc6b79def9416358877534caf6a0fdd2146c87a3e", size = 161774, upload-time = "2024-08-06T20:31:58.304Z" },
    { url = "https://files.pythonhosted.org/packages/f8/aa/7af4e81f7acba21a4c6be026da38fd2b872ca46226673c89a758ebdc4fd2/PyYAML-6.0.2-cp311-cp311-macosx_10_9_x86_64.whl", hash = "sha256:cc1c1159b3d456576af7a3e4d1ba7e6924cb39de8f67111c735f6fc832082774", size = 184612, upload-time = "2024-08-06T20:32:03.408Z" },
    { url = "https://files.pythonhosted.org/packages/8b/62/b9faa998fd185f65c1371643678e4d58254add437edb764a08c5a98fb986/PyYAML-6.0.2-cp311-cp311-macosx_11_0_arm64.whl", hash = "sha256:1e2120ef853f59c7419231f3bf4e7021f1b936f6ebd222406c3b60212205d2ee", size = 172040, upload-time = "2024-08-06T20:32:04.926Z" },
    { url = "https://files.pythonhosted.org/packages/ad/0c/c804f5f922a9a6563bab712d8dcc70251e8af811fce4524d57c2c0fd49a4/PyYAML-6.0.2-cp311-cp311-manylinux_2_17_aarch64.manylinux2014_aarch64.whl", hash = "sha256:5d225db5a45f21e78dd9358e58a98702a0302f2659a3c6cd320564b75b86f47c", size = 736829, upload-time = "2024-08-06T20:32:06.459Z" },
    { url = "https://files.pythonhosted.org/packages/51/16/6af8d6a6b210c8e54f1406a6b9481febf9c64a3109c541567e35a49aa2e7/PyYAML-6.0.2-cp311-cp311-manylinux_2_17_s390x.manylinux2014_s390x.whl", hash = "sha256:5ac9328ec4831237bec75defaf839f7d4564be1e6b25ac710bd1a96321cc8317", size = 764167, upload-time = "2024-08-06T20:32:08.338Z" },
    { url = "https://files.pythonhosted.org/packages/75/e4/2c27590dfc9992f73aabbeb9241ae20220bd9452df27483b6e56d3975cc5/PyYAML-6.0.2-cp311-cp311-manylinux_2_17_x86_64.manylinux2014_x86_64.whl", hash = "sha256:3ad2a3decf9aaba3d29c8f537ac4b243e36bef957511b4766cb0057d32b0be85", size = 762952, upload-time = "2024-08-06T20:32:14.124Z" },
    { url = "https://files.pythonhosted.org/packages/9b/97/ecc1abf4a823f5ac61941a9c00fe501b02ac3ab0e373c3857f7d4b83e2b6/PyYAML-6.0.2-cp311-cp311-musllinux_1_1_aarch64.whl", hash = "sha256:ff3824dc5261f50c9b0dfb3be22b4567a6f938ccce4587b38952d85fd9e9afe4", size = 735301, upload-time = "2024-08-06T20:32:16.17Z" },
    { url = "https://files.pythonhosted.org/packages/45/73/0f49dacd6e82c9430e46f4a027baa4ca205e8b0a9dce1397f44edc23559d/PyYAML-6.0.2-cp311-cp311-musllinux_1_1_x86_64.whl", hash = "sha256:797b4f722ffa07cc8d62053e4cff1486fa6dc094105d13fea7b1de7d8bf71c9e", size = 756638, upload-time = "2024-08-06T20:32:18.555Z" },
    { url = "https://files.pythonhosted.org/packages/22/5f/956f0f9fc65223a58fbc14459bf34b4cc48dec52e00535c79b8db361aabd/PyYAML-6.0.2-cp311-cp311-win32.whl", hash = "sha256:11d8f3dd2b9c1207dcaf2ee0bbbfd5991f571186ec9cc78427ba5bd32afae4b5", size = 143850, upload-time = "2024-08-06T20:32:19.889Z" },
    { url = "https://files.pythonhosted.org/packages/ed/23/8da0bbe2ab9dcdd11f4f4557ccaf95c10b9811b13ecced089d43ce59c3c8/PyYAML-6.0.2-cp311-cp311-win_amd64.whl", hash = "sha256:e10ce637b18caea04431ce14fabcf5c64a1c61ec9c56b071a4b7ca131ca52d44", size = 161980, upload-time = "2024-08-06T20:32:21.273Z" },
    { url = "https://files.pythonhosted.org/packages/86/0c/c581167fc46d6d6d7ddcfb8c843a4de25bdd27e4466938109ca68492292c/PyYAML-6.0.2-cp312-cp312-macosx_10_9_x86_64.whl", hash = "sha256:c70c95198c015b85feafc136515252a261a84561b7b1d51e3384e0655ddf25ab", size = 183873, upload-time = "2024-08-06T20:32:25.131Z" },
    { url = "https://files.pythonhosted.org/packages/a8/0c/38374f5bb272c051e2a69281d71cba6fdb983413e6758b84482905e29a5d/PyYAML-6.0.2-cp312-cp312-macosx_11_0_arm64.whl", hash = "sha256:ce826d6ef20b1bc864f0a68340c8b3287705cae2f8b4b1d932177dcc76721725", size = 173302, upload-time = "2024-08-06T20:32:26.511Z" },
    { url = "https://files.pythonhosted.org/packages/c3/93/9916574aa8c00aa06bbac729972eb1071d002b8e158bd0e83a3b9a20a1f7/PyYAML-6.0.2-cp312-cp312-manylinux_2_17_aarch64.manylinux2014_aarch64.whl", hash = "sha256:1f71ea527786de97d1a0cc0eacd1defc0985dcf6b3f17bb77dcfc8c34bec4dc5", size = 739154, upload-time = "2024-08-06T20:32:28.363Z" },
    { url = "https://files.pythonhosted.org/packages/95/0f/b8938f1cbd09739c6da569d172531567dbcc9789e0029aa070856f123984/PyYAML-6.0.2-cp312-cp312-manylinux_2_17_s390x.manylinux2014_s390x.whl", hash = "sha256:9b22676e8097e9e22e36d6b7bda33190d0d400f345f23d4065d48f4ca7ae0425", size = 766223, upload-time = "2024-08-06T20:32:30.058Z" },
    { url = "https://files.pythonhosted.org/packages/b9/2b/614b4752f2e127db5cc206abc23a8c19678e92b23c3db30fc86ab731d3bd/PyYAML-6.0.2-cp312-cp312-manylinux_2_17_x86_64.manylinux2014_x86_64.whl", hash = "sha256:80bab7bfc629882493af4aa31a4cfa43a4c57c83813253626916b8c7ada83476", size = 767542, upload-time = "2024-08-06T20:32:31.881Z" },
    { url = "https://files.pythonhosted.org/packages/d4/00/dd137d5bcc7efea1836d6264f049359861cf548469d18da90cd8216cf05f/PyYAML-6.0.2-cp312-cp312-musllinux_1_1_aarch64.whl", hash = "sha256:0833f8694549e586547b576dcfaba4a6b55b9e96098b36cdc7ebefe667dfed48", size = 731164, upload-time = "2024-08-06T20:32:37.083Z" },
    { url = "https://files.pythonhosted.org/packages/c9/1f/4f998c900485e5c0ef43838363ba4a9723ac0ad73a9dc42068b12aaba4e4/PyYAML-6.0.2-cp312-cp312-musllinux_1_1_x86_64.whl", hash = "sha256:8b9c7197f7cb2738065c481a0461e50ad02f18c78cd75775628afb4d7137fb3b", size = 756611, upload-time = "2024-08-06T20:32:38.898Z" },
    { url = "https://files.pythonhosted.org/packages/df/d1/f5a275fdb252768b7a11ec63585bc38d0e87c9e05668a139fea92b80634c/PyYAML-6.0.2-cp312-cp312-win32.whl", hash = "sha256:ef6107725bd54b262d6dedcc2af448a266975032bc85ef0172c5f059da6325b4", size = 140591, upload-time = "2024-08-06T20:32:40.241Z" },
    { url = "https://files.pythonhosted.org/packages/0c/e8/4f648c598b17c3d06e8753d7d13d57542b30d56e6c2dedf9c331ae56312e/PyYAML-6.0.2-cp312-cp312-win_amd64.whl", hash = "sha256:7e7401d0de89a9a855c839bc697c079a4af81cf878373abd7dc625847d25cbd8", size = 156338, upload-time = "2024-08-06T20:32:41.93Z" },
    { url = "https://files.pythonhosted.org/packages/ef/e3/3af305b830494fa85d95f6d95ef7fa73f2ee1cc8ef5b495c7c3269fb835f/PyYAML-6.0.2-cp313-cp313-macosx_10_13_x86_64.whl", hash = "sha256:efdca5630322a10774e8e98e1af481aad470dd62c3170801852d752aa7a783ba", size = 181309, upload-time = "2024-08-06T20:32:43.4Z" },
    { url = "https://files.pythonhosted.org/packages/45/9f/3b1c20a0b7a3200524eb0076cc027a970d320bd3a6592873c85c92a08731/PyYAML-6.0.2-cp313-cp313-macosx_11_0_arm64.whl", hash = "sha256:50187695423ffe49e2deacb8cd10510bc361faac997de9efef88badc3bb9e2d1", size = 171679, upload-time = "2024-08-06T20:32:44.801Z" },
    { url = "https://files.pythonhosted.org/packages/7c/9a/337322f27005c33bcb656c655fa78325b730324c78620e8328ae28b64d0c/PyYAML-6.0.2-cp313-cp313-manylinux_2_17_aarch64.manylinux2014_aarch64.whl", hash = "sha256:0ffe8360bab4910ef1b9e87fb812d8bc0a308b0d0eef8c8f44e0254ab3b07133", size = 733428, upload-time = "2024-08-06T20:32:46.432Z" },
    { url = "https://files.pythonhosted.org/packages/a3/69/864fbe19e6c18ea3cc196cbe5d392175b4cf3d5d0ac1403ec3f2d237ebb5/PyYAML-6.0.2-cp313-cp313-manylinux_2_17_s390x.manylinux2014_s390x.whl", hash = "sha256:17e311b6c678207928d649faa7cb0d7b4c26a0ba73d41e99c4fff6b6c3276484", size = 763361, upload-time = "2024-08-06T20:32:51.188Z" },
    { url = "https://files.pythonhosted.org/packages/04/24/b7721e4845c2f162d26f50521b825fb061bc0a5afcf9a386840f23ea19fa/PyYAML-6.0.2-cp313-cp313-manylinux_2_17_x86_64.manylinux2014_x86_64.whl", hash = "sha256:70b189594dbe54f75ab3a1acec5f1e3faa7e8cf2f1e08d9b561cb41b845f69d5", size = 759523, upload-time = "2024-08-06T20:32:53.019Z" },
    { url = "https://files.pythonhosted.org/packages/2b/b2/e3234f59ba06559c6ff63c4e10baea10e5e7df868092bf9ab40e5b9c56b6/PyYAML-6.0.2-cp313-cp313-musllinux_1_1_aarch64.whl", hash = "sha256:41e4e3953a79407c794916fa277a82531dd93aad34e29c2a514c2c0c5fe971cc", size = 726660, upload-time = "2024-08-06T20:32:54.708Z" },
    { url = "https://files.pythonhosted.org/packages/fe/0f/25911a9f080464c59fab9027482f822b86bf0608957a5fcc6eaac85aa515/PyYAML-6.0.2-cp313-cp313-musllinux_1_1_x86_64.whl", hash = "sha256:68ccc6023a3400877818152ad9a1033e3db8625d899c72eacb5a668902e4d652", size = 751597, upload-time = "2024-08-06T20:32:56.985Z" },
    { url = "https://files.pythonhosted.org/packages/14/0d/e2c3b43bbce3cf6bd97c840b46088a3031085179e596d4929729d8d68270/PyYAML-6.0.2-cp313-cp313-win32.whl", hash = "sha256:bc2fa7c6b47d6bc618dd7fb02ef6fdedb1090ec036abab80d4681424b84c1183", size = 140527, upload-time = "2024-08-06T20:33:03.001Z" },
    { url = "https://files.pythonhosted.org/packages/fa/de/02b54f42487e3d3c6efb3f89428677074ca7bf43aae402517bc7cca949f3/PyYAML-6.0.2-cp313-cp313-win_amd64.whl", hash = "sha256:8388ee1976c416731879ac16da0aff3f63b286ffdd57cdeb95f3f2e085687563", size = 156446, upload-time = "2024-08-06T20:33:04.33Z" },
    { url = "https://files.pythonhosted.org/packages/65/d8/b7a1db13636d7fb7d4ff431593c510c8b8fca920ade06ca8ef20015493c5/PyYAML-6.0.2-cp39-cp39-macosx_10_9_x86_64.whl", hash = "sha256:688ba32a1cffef67fd2e9398a2efebaea461578b0923624778664cc1c914db5d", size = 184777, upload-time = "2024-08-06T20:33:25.896Z" },
    { url = "https://files.pythonhosted.org/packages/0a/02/6ec546cd45143fdf9840b2c6be8d875116a64076218b61d68e12548e5839/PyYAML-6.0.2-cp39-cp39-macosx_11_0_arm64.whl", hash = "sha256:a8786accb172bd8afb8be14490a16625cbc387036876ab6ba70912730faf8e1f", size = 172318, upload-time = "2024-08-06T20:33:27.212Z" },
    { url = "https://files.pythonhosted.org/packages/0e/9a/8cc68be846c972bda34f6c2a93abb644fb2476f4dcc924d52175786932c9/PyYAML-6.0.2-cp39-cp39-manylinux_2_17_aarch64.manylinux2014_aarch64.whl", hash = "sha256:d8e03406cac8513435335dbab54c0d385e4a49e4945d2909a581c83647ca0290", size = 720891, upload-time = "2024-08-06T20:33:28.974Z" },
    { url = "https://files.pythonhosted.org/packages/e9/6c/6e1b7f40181bc4805e2e07f4abc10a88ce4648e7e95ff1abe4ae4014a9b2/PyYAML-6.0.2-cp39-cp39-manylinux_2_17_s390x.manylinux2014_s390x.whl", hash = "sha256:f753120cb8181e736c57ef7636e83f31b9c0d1722c516f7e86cf15b7aa57ff12", size = 722614, upload-time = "2024-08-06T20:33:34.157Z" },
    { url = "https://files.pythonhosted.org/packages/3d/32/e7bd8535d22ea2874cef6a81021ba019474ace0d13a4819c2a4bce79bd6a/PyYAML-6.0.2-cp39-cp39-manylinux_2_17_x86_64.manylinux2014_x86_64.whl", hash = "sha256:3b1fdb9dc17f5a7677423d508ab4f243a726dea51fa5e70992e59a7411c89d19", size = 737360, upload-time = "2024-08-06T20:33:35.84Z" },
    { url = "https://files.pythonhosted.org/packages/d7/12/7322c1e30b9be969670b672573d45479edef72c9a0deac3bb2868f5d7469/PyYAML-6.0.2-cp39-cp39-musllinux_1_1_aarch64.whl", hash = "sha256:0b69e4ce7a131fe56b7e4d770c67429700908fc0752af059838b1cfb41960e4e", size = 699006, upload-time = "2024-08-06T20:33:37.501Z" },
    { url = "https://files.pythonhosted.org/packages/82/72/04fcad41ca56491995076630c3ec1e834be241664c0c09a64c9a2589b507/PyYAML-6.0.2-cp39-cp39-musllinux_1_1_x86_64.whl", hash = "sha256:a9f8c2e67970f13b16084e04f134610fd1d374bf477b17ec1599185cf611d725", size = 723577, upload-time = "2024-08-06T20:33:39.389Z" },
    { url = "https://files.pythonhosted.org/packages/ed/5e/46168b1f2757f1fcd442bc3029cd8767d88a98c9c05770d8b420948743bb/PyYAML-6.0.2-cp39-cp39-win32.whl", hash = "sha256:6395c297d42274772abc367baaa79683958044e5d3835486c16da75d2a694631", size = 144593, upload-time = "2024-08-06T20:33:46.63Z" },
    { url = "https://files.pythonhosted.org/packages/19/87/5124b1c1f2412bb95c59ec481eaf936cd32f0fe2a7b16b97b81c4c017a6a/PyYAML-6.0.2-cp39-cp39-win_amd64.whl", hash = "sha256:39693e1f8320ae4f43943590b49779ffb98acb81f788220ea932a6b6c51004d8", size = 162312, upload-time = "2024-08-06T20:33:49.073Z" },
]

[[package]]
name = "rich"
version = "13.9.4"
source = { registry = "https://pypi.org/simple" }
dependencies = [
    { name = "markdown-it-py" },
    { name = "pygments" },
    { name = "typing-extensions", marker = "python_full_version < '3.11'" },
]
sdist = { url = "https://files.pythonhosted.org/packages/ab/3a/0316b28d0761c6734d6bc14e770d85506c986c85ffb239e688eeaab2c2bc/rich-13.9.4.tar.gz", hash = "sha256:439594978a49a09530cff7ebc4b5c7103ef57baf48d5ea3184f21d9a2befa098", size = 223149, upload-time = "2024-11-01T16:43:57.873Z" }
wheels = [
    { url = "https://files.pythonhosted.org/packages/19/71/39c7c0d87f8d4e6c020a393182060eaefeeae6c01dab6a84ec346f2567df/rich-13.9.4-py3-none-any.whl", hash = "sha256:6049d5e6ec054bf2779ab3358186963bac2ea89175919d699e378b99738c2a90", size = 242424, upload-time = "2024-11-01T16:43:55.817Z" },
]

[[package]]
name = "shellingham"
version = "1.5.4"
source = { registry = "https://pypi.org/simple" }
sdist = { url = "https://files.pythonhosted.org/packages/58/15/8b3609fd3830ef7b27b655beb4b4e9c62313a4e8da8c676e142cc210d58e/shellingham-1.5.4.tar.gz", hash = "sha256:8dbca0739d487e5bd35ab3ca4b36e11c4078f3a234bfce294b0a0291363404de", size = 10310, upload-time = "2023-10-24T04:13:40.426Z" }
wheels = [
    { url = "https://files.pythonhosted.org/packages/e0/f9/0595336914c5619e5f28a1fb793285925a8cd4b432c9da0a987836c7f822/shellingham-1.5.4-py2.py3-none-any.whl", hash = "sha256:7ecfff8f2fd72616f7481040475a65b2bf8af90a56c89140852d1120324e8686", size = 9755, upload-time = "2023-10-24T04:13:38.866Z" },
]

[[package]]
name = "six"
version = "1.17.0"
source = { registry = "https://pypi.org/simple" }
sdist = { url = "https://files.pythonhosted.org/packages/94/e7/b2c673351809dca68a0e064b6af791aa332cf192da575fd474ed7d6f16a2/six-1.17.0.tar.gz", hash = "sha256:ff70335d468e7eb6ec65b95b99d3a2836546063f63acc5171de367e834932a81", size = 34031, upload-time = "2024-12-04T17:35:28.174Z" }
wheels = [
    { url = "https://files.pythonhosted.org/packages/b7/ce/149a00dd41f10bc29e5921b496af8b574d8413afcd5e30dfa0ed46c2cc5e/six-1.17.0-py2.py3-none-any.whl", hash = "sha256:4721f391ed90541fddacab5acf947aa0d3dc7d27b2e1e8eda2be8970586c3274", size = 11050, upload-time = "2024-12-04T17:35:26.475Z" },
]

[[package]]
name = "sniffio"
version = "1.3.1"
source = { registry = "https://pypi.org/simple" }
sdist = { url = "https://files.pythonhosted.org/packages/a2/87/a6771e1546d97e7e041b6ae58d80074f81b7d5121207425c964ddf5cfdbd/sniffio-1.3.1.tar.gz", hash = "sha256:f4324edc670a0f49750a81b895f35c3adb843cca46f0530f79fc1babb23789dc", size = 20372, upload-time = "2024-02-25T23:20:04.057Z" }
wheels = [
    { url = "https://files.pythonhosted.org/packages/e9/44/75a9c9421471a6c4805dbf2356f7c181a29c1879239abab1ea2cc8f38b40/sniffio-1.3.1-py3-none-any.whl", hash = "sha256:2f6da418d1f1e0fddd844478f41680e794e6051915791a034ff65e5f100525a2", size = 10235, upload-time = "2024-02-25T23:20:01.196Z" },
]

[[package]]
name = "tenacity"
version = "9.0.0"
source = { registry = "https://pypi.org/simple" }
sdist = { url = "https://files.pythonhosted.org/packages/cd/94/91fccdb4b8110642462e653d5dcb27e7b674742ad68efd146367da7bdb10/tenacity-9.0.0.tar.gz", hash = "sha256:807f37ca97d62aa361264d497b0e31e92b8027044942bfa756160d908320d73b", size = 47421, upload-time = "2024-07-29T12:12:27.547Z" }
wheels = [
    { url = "https://files.pythonhosted.org/packages/b6/cb/b86984bed139586d01532a587464b5805f12e397594f19f931c4c2fbfa61/tenacity-9.0.0-py3-none-any.whl", hash = "sha256:93de0c98785b27fcf659856aa9f54bfbd399e29969b0621bc7f762bd441b4539", size = 28169, upload-time = "2024-07-29T12:12:25.825Z" },
]

[[package]]
name = "typer"
version = "0.9.4"
source = { registry = "https://pypi.org/simple" }
dependencies = [
    { name = "click" },
    { name = "typing-extensions" },
]
sdist = { url = "https://files.pythonhosted.org/packages/e9/7d/b1e0399aa5e27071f0042784681d28417f3e526c61f62c8e3635ee5ad334/typer-0.9.4.tar.gz", hash = "sha256:f714c2d90afae3a7929fcd72a3abb08df305e1ff61719381384211c4070af57f", size = 276061, upload-time = "2024-03-23T17:07:55.568Z" }
wheels = [
    { url = "https://files.pythonhosted.org/packages/62/39/82c9d3e10979851847361d922a373bdfef4091020da7f893acfaf07c0225/typer-0.9.4-py3-none-any.whl", hash = "sha256:aa6c4a4e2329d868b80ecbaf16f807f2b54e192209d7ac9dd42691d63f7a54eb", size = 45973, upload-time = "2024-03-23T17:07:53.985Z" },
]

[package.optional-dependencies]
all = [
    { name = "colorama" },
    { name = "rich" },
    { name = "shellingham" },
]

[[package]]
name = "typing-extensions"
version = "4.12.2"
source = { registry = "https://pypi.org/simple" }
sdist = { url = "https://files.pythonhosted.org/packages/df/db/f35a00659bc03fec321ba8bce9420de607a1d37f8342eee1863174c69557/typing_extensions-4.12.2.tar.gz", hash = "sha256:1a7ead55c7e559dd4dee8856e3a88b41225abfe1ce8df57b7c13915fe121ffb8", size = 85321, upload-time = "2024-06-07T18:52:15.995Z" }
wheels = [
    { url = "https://files.pythonhosted.org/packages/26/9f/ad63fc0248c5379346306f8668cda6e2e2e9c95e01216d2b8ffd9ff037d0/typing_extensions-4.12.2-py3-none-any.whl", hash = "sha256:04e5ca0351e0f3f85c6853954072df659d0d13fac324d0072316b67d7794700d", size = 37438, upload-time = "2024-06-07T18:52:13.582Z" },
]

[[package]]
name = "uvloop"
version = "0.20.0"
source = { registry = "https://pypi.org/simple" }
sdist = { url = "https://files.pythonhosted.org/packages/bc/f1/dc9577455e011ad43d9379e836ee73f40b4f99c02946849a44f7ae64835e/uvloop-0.20.0.tar.gz", hash = "sha256:4603ca714a754fc8d9b197e325db25b2ea045385e8a3ad05d3463de725fdf469", size = 2329938, upload-time = "2024-08-15T19:36:29.28Z" }
wheels = [
    { url = "https://files.pythonhosted.org/packages/f3/69/cc1ad125ea8ce4a4d3ba7d9836062c3fc9063cf163ddf0f168e73f3268e3/uvloop-0.20.0-cp310-cp310-macosx_10_9_universal2.whl", hash = "sha256:9ebafa0b96c62881d5cafa02d9da2e44c23f9f0cd829f3a32a6aff771449c996", size = 1363922, upload-time = "2024-08-15T19:35:38.135Z" },
    { url = "https://files.pythonhosted.org/packages/f7/45/5a3f7a32372e4a90dfd83f30507183ec38990b8c5930ed7e36c6a15af47b/uvloop-0.20.0-cp310-cp310-macosx_10_9_x86_64.whl", hash = "sha256:35968fc697b0527a06e134999eef859b4034b37aebca537daeb598b9d45a137b", size = 760386, upload-time = "2024-08-15T19:35:39.68Z" },
    { url = "https://files.pythonhosted.org/packages/9e/a5/9e973b25ade12c938940751bce71d0cb36efee3489014471f7d9c0a3c379/uvloop-0.20.0-cp310-cp310-manylinux_2_17_aarch64.manylinux2014_aarch64.whl", hash = "sha256:b16696f10e59d7580979b420eedf6650010a4a9c3bd8113f24a103dfdb770b10", size = 3432586, upload-time = "2024-08-15T19:35:41.513Z" },
    { url = "https://files.pythonhosted.org/packages/a9/e0/0bec8a25b2e9cf14fdfcf0229637b437c923b4e5ca22f8e988363c49bb51/uvloop-0.20.0-cp310-cp310-manylinux_2_17_x86_64.manylinux2014_x86_64.whl", hash = "sha256:9b04d96188d365151d1af41fa2d23257b674e7ead68cfd61c725a422764062ae", size = 3431802, upload-time = "2024-08-15T19:35:43.263Z" },
    { url = "https://files.pythonhosted.org/packages/95/3b/14cef46dcec6237d858666a4a1fdb171361528c70fcd930bfc312920e7a9/uvloop-0.20.0-cp310-cp310-musllinux_1_1_aarch64.whl", hash = "sha256:94707205efbe809dfa3a0d09c08bef1352f5d3d6612a506f10a319933757c006", size = 4144444, upload-time = "2024-08-15T19:35:45.083Z" },
    { url = "https://files.pythonhosted.org/packages/9d/5a/0ac516562ff783f760cab3b061f10fdeb4a9f985ad4b44e7e4564ff11691/uvloop-0.20.0-cp310-cp310-musllinux_1_1_x86_64.whl", hash = "sha256:89e8d33bb88d7263f74dc57d69f0063e06b5a5ce50bb9a6b32f5fcbe655f9e73", size = 4147039, upload-time = "2024-08-15T19:35:46.821Z" },
    { url = "https://files.pythonhosted.org/packages/64/bf/45828beccf685b7ed9638d9b77ef382b470c6ca3b5bff78067e02ffd5663/uvloop-0.20.0-cp311-cp311-macosx_10_9_universal2.whl", hash = "sha256:e50289c101495e0d1bb0bfcb4a60adde56e32f4449a67216a1ab2750aa84f037", size = 1320593, upload-time = "2024-08-15T19:35:48.431Z" },
    { url = "https://files.pythonhosted.org/packages/27/c0/3c24e50bee7802a2add96ca9f0d5eb0ebab07e0a5615539d38aeb89499b9/uvloop-0.20.0-cp311-cp311-macosx_10_9_x86_64.whl", hash = "sha256:e237f9c1e8a00e7d9ddaa288e535dc337a39bcbf679f290aee9d26df9e72bce9", size = 736676, upload-time = "2024-08-15T19:35:50.296Z" },
    { url = "https://files.pythonhosted.org/packages/83/ce/ffa3c72954eae36825acfafd2b6a9221d79abd2670c0d25e04d6ef4a2007/uvloop-0.20.0-cp311-cp311-manylinux_2_17_aarch64.manylinux2014_aarch64.whl", hash = "sha256:746242cd703dc2b37f9d8b9f173749c15e9a918ddb021575a0205ec29a38d31e", size = 3494573, upload-time = "2024-08-15T19:35:52.011Z" },
    { url = "https://files.pythonhosted.org/packages/46/6d/4caab3a36199ba52b98d519feccfcf48921d7a6649daf14a93c7e77497e9/uvloop-0.20.0-cp311-cp311-manylinux_2_17_x86_64.manylinux2014_x86_64.whl", hash = "sha256:82edbfd3df39fb3d108fc079ebc461330f7c2e33dbd002d146bf7c445ba6e756", size = 3489932, upload-time = "2024-08-15T19:35:53.599Z" },
    { url = "https://files.pythonhosted.org/packages/e4/4f/49c51595bd794945c88613df88922c38076eae2d7653f4624aa6f4980b07/uvloop-0.20.0-cp311-cp311-musllinux_1_1_aarch64.whl", hash = "sha256:80dc1b139516be2077b3e57ce1cb65bfed09149e1d175e0478e7a987863b68f0", size = 4185596, upload-time = "2024-08-15T19:35:55.416Z" },
    { url = "https://files.pythonhosted.org/packages/b8/94/7e256731260d313f5049717d1c4582d52a3b132424c95e16954a50ab95d3/uvloop-0.20.0-cp311-cp311-musllinux_1_1_x86_64.whl", hash = "sha256:4f44af67bf39af25db4c1ac27e82e9665717f9c26af2369c404be865c8818dcf", size = 4185746, upload-time = "2024-08-15T19:35:56.96Z" },
    { url = "https://files.pythonhosted.org/packages/2d/64/31cbd379d6e260ac8de3f672f904e924f09715c3f192b09f26cc8e9f574c/uvloop-0.20.0-cp312-cp312-macosx_10_9_universal2.whl", hash = "sha256:4b75f2950ddb6feed85336412b9a0c310a2edbcf4cf931aa5cfe29034829676d", size = 1324302, upload-time = "2024-08-15T19:35:58.384Z" },
    { url = "https://files.pythonhosted.org/packages/1e/6b/9207e7177ff30f78299401f2e1163ea41130d4fd29bcdc6d12572c06b728/uvloop-0.20.0-cp312-cp312-macosx_10_9_x86_64.whl", hash = "sha256:77fbc69c287596880ecec2d4c7a62346bef08b6209749bf6ce8c22bbaca0239e", size = 738105, upload-time = "2024-08-15T19:36:00.106Z" },
    { url = "https://files.pythonhosted.org/packages/c1/ba/b64b10f577519d875992dc07e2365899a1a4c0d28327059ce1e1bdfb6854/uvloop-0.20.0-cp312-cp312-manylinux_2_17_aarch64.manylinux2014_aarch64.whl", hash = "sha256:6462c95f48e2d8d4c993a2950cd3d31ab061864d1c226bbf0ee2f1a8f36674b9", size = 4090658, upload-time = "2024-08-15T19:36:01.423Z" },
    { url = "https://files.pythonhosted.org/packages/0a/f8/5ceea6876154d926604f10c1dd896adf9bce6d55a55911364337b8a5ed8d/uvloop-0.20.0-cp312-cp312-manylinux_2_17_x86_64.manylinux2014_x86_64.whl", hash = "sha256:649c33034979273fa71aa25d0fe120ad1777c551d8c4cd2c0c9851d88fcb13ab", size = 4173357, upload-time = "2024-08-15T19:36:03.367Z" },
    { url = "https://files.pythonhosted.org/packages/18/b2/117ab6bfb18274753fbc319607bf06e216bd7eea8be81d5bac22c912d6a7/uvloop-0.20.0-cp312-cp312-musllinux_1_1_aarch64.whl", hash = "sha256:3a609780e942d43a275a617c0839d85f95c334bad29c4c0918252085113285b5", size = 4029868, upload-time = "2024-08-15T19:36:05.035Z" },
    { url = "https://files.pythonhosted.org/packages/6f/52/deb4be09060637ef4752adaa0b75bf770c20c823e8108705792f99cd4a6f/uvloop-0.20.0-cp312-cp312-musllinux_1_1_x86_64.whl", hash = "sha256:aea15c78e0d9ad6555ed201344ae36db5c63d428818b4b2a42842b3870127c00", size = 4115980, upload-time = "2024-08-15T19:36:07.376Z" },
    { url = "https://files.pythonhosted.org/packages/7b/71/a0ada4783ad4950512214fc2bd8bbd0977e33aff9c37b2e1e2f2de4bb830/uvloop-0.20.0-cp39-cp39-macosx_10_9_universal2.whl", hash = "sha256:d8c36fdf3e02cec92aed2d44f63565ad1522a499c654f07935c8f9d04db69e95", size = 1324825, upload-time = "2024-08-15T19:36:19.675Z" },
    { url = "https://files.pythonhosted.org/packages/9e/a6/9061ac2f0a576d116b973f31f1a7ef18271df5feecb6841be767e09c1442/uvloop-0.20.0-cp39-cp39-macosx_10_9_x86_64.whl", hash = "sha256:a0fac7be202596c7126146660725157d4813aa29a4cc990fe51346f75ff8fde7", size = 740140, upload-time = "2024-08-15T19:36:21.096Z" },
    { url = "https://files.pythonhosted.org/packages/01/92/80db889ab59dd2e0602264c825f08d7b53ca26df0adf7abf474d16ee8565/uvloop-0.20.0-cp39-cp39-manylinux_2_17_aarch64.manylinux2014_aarch64.whl", hash = "sha256:9d0fba61846f294bce41eb44d60d58136090ea2b5b99efd21cbdf4e21927c56a", size = 3535856, upload-time = "2024-08-15T19:36:22.404Z" },
    { url = "https://files.pythonhosted.org/packages/c9/de/16412389b48edc1ad93300be2ccbf86880341850663e7a462d0acbd3577b/uvloop-0.20.0-cp39-cp39-manylinux_2_17_x86_64.manylinux2014_x86_64.whl", hash = "sha256:95720bae002ac357202e0d866128eb1ac82545bcf0b549b9abe91b5178d9b541", size = 3543573, upload-time = "2024-08-15T19:36:24.213Z" },
    { url = "https://files.pythonhosted.org/packages/83/84/88bad98f47f54564498555d927c64a34366d5ca3b96af09235a38d4db783/uvloop-0.20.0-cp39-cp39-musllinux_1_1_aarch64.whl", hash = "sha256:36c530d8fa03bfa7085af54a48f2ca16ab74df3ec7108a46ba82fd8b411a2315", size = 4212335, upload-time = "2024-08-15T19:36:26.163Z" },
    { url = "https://files.pythonhosted.org/packages/b3/39/c9a9413c87b6913cbe261e6078f7e86e3bc3c9f1f9f68f72e18cb2805c0f/uvloop-0.20.0-cp39-cp39-musllinux_1_1_x86_64.whl", hash = "sha256:e97152983442b499d7a71e44f29baa75b3b02e65d9c44ba53b10338e98dedb66", size = 4206443, upload-time = "2024-08-15T19:36:27.84Z" },
]

[[package]]
name = "wcwidth"
version = "0.2.13"
source = { registry = "https://pypi.org/simple" }
sdist = { url = "https://files.pythonhosted.org/packages/6c/63/53559446a878410fc5a5974feb13d31d78d752eb18aeba59c7fef1af7598/wcwidth-0.2.13.tar.gz", hash = "sha256:72ea0c06399eb286d978fdedb6923a9eb47e1c486ce63e9b4e64fc18303972b5", size = 101301, upload-time = "2024-01-06T02:10:57.829Z" }
wheels = [
    { url = "https://files.pythonhosted.org/packages/fd/84/fd2ba7aafacbad3c4201d395674fc6348826569da3c0937e75505ead3528/wcwidth-0.2.13-py2.py3-none-any.whl", hash = "sha256:3da69048e4540d84af32131829ff948f1e022c1c6bdb8d6102117aac784f6859", size = 34166, upload-time = "2024-01-06T02:10:55.763Z" },
]
